
Microsoft Visual Studio Solution File, Format Version 12.00
# Visual Studio Version 16
VisualStudioVersion = 16.0.29709.97
MinimumVisualStudioVersion = 10.0.40219.1
Project("{FAE04EC0-301F-11D3-BF4B-00C04F79EFBC}") = "API_CRUD", "API_CRUD\API_CRUD.csproj", "{C87E8AEA-B837-4203-95EA-2B83443BB6C3}"
EndProject
Global
	GlobalSection(SolutionConfigurationPlatforms) = preSolution
		Debug|Any CPU = Debug|Any CPU
		Release|Any CPU = Release|Any CPU
	EndGlobalSection
	GlobalSection(ProjectConfigurationPlatforms) = postSolution
		{C87E8AEA-B837-4203-95EA-2B83443BB6C3}.Debug|Any CPU.ActiveCfg = Debug|Any CPU
		{C87E8AEA-B837-4203-95EA-2B83443BB6C3}.Debug|Any CPU.Build.0 = Debug|Any CPU
		{C87E8AEA-B837-4203-95EA-2B83443BB6C3}.Release|Any CPU.ActiveCfg = Release|Any CPU
		{C87E8AEA-B837-4203-95EA-2B83443BB6C3}.Release|Any CPU.Build.0 = Release|Any CPU
	EndGlobalSection
	GlobalSection(SolutionProperties) = preSolution
		HideSolutionNode = FALSE
	EndGlobalSection
	GlobalSection(ExtensibilityGlobals) = postSolution
		SolutionGuid = {87B1FB14-8DF9-412A-BC19-AA338933E71D}
	EndGlobalSection
EndGlobal
